
Microsoft Visual Studio Solution File, Format Version 12.00
# Visual Studio Version 17
VisualStudioVersion = 17.5.33516.290
MinimumVisualStudioVersion = 10.0.40219.1
Project("{888888A0-9F3D-457C-B088-3A5042F75D52}") = "Spin TEK ülesanne", "Spin TEK ülesanne.pyproj", "{677F42DD-BAC4-4F60-A9BE-362632F7F79B}"
EndProject
Global
	GlobalSection(SolutionConfigurationPlatforms) = preSolution
		Debug|Any CPU = Debug|Any CPU
		Release|Any CPU = Release|Any CPU
	EndGlobalSection
	GlobalSection(ProjectConfigurationPlatforms) = postSolution
		{677F42DD-BAC4-4F60-A9BE-362632F7F79B}.Debug|Any CPU.ActiveCfg = Debug|Any CPU
		{677F42DD-BAC4-4F60-A9BE-362632F7F79B}.Release|Any CPU.ActiveCfg = Release|Any CPU
	EndGlobalSection
	GlobalSection(SolutionProperties) = preSolution
		HideSolutionNode = FALSE
	EndGlobalSection
	GlobalSection(ExtensibilityGlobals) = postSolution
		SolutionGuid = {1265F19A-DF30-4EED-812B-EA561ACA70D8}
	EndGlobalSection
EndGlobal
